
Microsoft Visual Studio Solution File, Format Version 12.00
# Visual Studio Version 17
VisualStudioVersion = 17.5.33516.290
MinimumVisualStudioVersion = 10.0.40219.1
Project("{FAE04EC0-301F-11D3-BF4B-00C04F79EFBC}") = "SampleWebApp", "SampleWebApp.csproj", "{809AA180-CFD1-4C94-8CDD-73BC5B2DCF7B}"
EndProject
Global
	GlobalSection(SolutionConfigurationPlatforms) = preSolution
		Debug|Any CPU = Debug|Any CPU
		Release|Any CPU = Release|Any CPU
	EndGlobalSection
	GlobalSection(ProjectConfigurationPlatforms) = postSolution
		{809AA180-CFD1-4C94-8CDD-73BC5B2DCF7B}.Debug|Any CPU.ActiveCfg = Debug|Any CPU
		{809AA180-CFD1-4C94-8CDD-73BC5B2DCF7B}.Debug|Any CPU.Build.0 = Debug|Any CPU
		{809AA180-CFD1-4C94-8CDD-73BC5B2DCF7B}.Release|Any CPU.ActiveCfg = Release|Any CPU
		{809AA180-CFD1-4C94-8CDD-73BC5B2DCF7B}.Release|Any CPU.Build.0 = Release|Any CPU
	EndGlobalSection
	GlobalSection(SolutionProperties) = preSolution
		HideSolutionNode = FALSE
	EndGlobalSection
	GlobalSection(ExtensibilityGlobals) = postSolution
		SolutionGuid = {578F72DD-AFCC-4636-808F-796AA6C51EB1}
	EndGlobalSection
EndGlobal
